
Microsoft Visual Studio Solution File, Format Version 12.00
# Visual Studio Version 16
VisualStudioVersion = 16.0.31911.196
MinimumVisualStudioVersion = 10.0.40219.1
Project("{9A19103F-16F7-4668-BE54-9A1E7A4F7556}") = "FullSDproject.Server", "FullSDproject\Server\FullSDproject.Server.csproj", "{30D46E3E-6AF8-4BD6-8FC7-51E7CB3A212D}"
EndProject
Project("{9A19103F-16F7-4668-BE54-9A1E7A4F7556}") = "FullSDproject.Client", "FullSDproject\Client\FullSDproject.Client.csproj", "{9A3C1DE7-51A4-4470-A496-88B0E3A01D62}"
EndProject
Project("{9A19103F-16F7-4668-BE54-9A1E7A4F7556}") = "FullSDproject.Shared", "FullSDproject\Shared\FullSDproject.Shared.csproj", "{EED0E250-962B-4A7C-BC46-56D01F3DBF3B}"
EndProject
Global
	GlobalSection(SolutionConfigurationPlatforms) = preSolution
		Debug|Any CPU = Debug|Any CPU
		Release|Any CPU = Release|Any CPU
	EndGlobalSection
	GlobalSection(ProjectConfigurationPlatforms) = postSolution
		{30D46E3E-6AF8-4BD6-8FC7-51E7CB3A212D}.Debug|Any CPU.ActiveCfg = Debug|Any CPU
		{30D46E3E-6AF8-4BD6-8FC7-51E7CB3A212D}.Debug|Any CPU.Build.0 = Debug|Any CPU
		{30D46E3E-6AF8-4BD6-8FC7-51E7CB3A212D}.Release|Any CPU.ActiveCfg = Release|Any CPU
		{30D46E3E-6AF8-4BD6-8FC7-51E7CB3A212D}.Release|Any CPU.Build.0 = Release|Any CPU
		{9A3C1DE7-51A4-4470-A496-88B0E3A01D62}.Debug|Any CPU.ActiveCfg = Debug|Any CPU
		{9A3C1DE7-51A4-4470-A496-88B0E3A01D62}.Debug|Any CPU.Build.0 = Debug|Any CPU
		{9A3C1DE7-51A4-4470-A496-88B0E3A01D62}.Release|Any CPU.ActiveCfg = Release|Any CPU
		{9A3C1DE7-51A4-4470-A496-88B0E3A01D62}.Release|Any CPU.Build.0 = Release|Any CPU
		{EED0E250-962B-4A7C-BC46-56D01F3DBF3B}.Debug|Any CPU.ActiveCfg = Debug|Any CPU
		{EED0E250-962B-4A7C-BC46-56D01F3DBF3B}.Debug|Any CPU.Build.0 = Debug|Any CPU
		{EED0E250-962B-4A7C-BC46-56D01F3DBF3B}.Release|Any CPU.ActiveCfg = Release|Any CPU
		{EED0E250-962B-4A7C-BC46-56D01F3DBF3B}.Release|Any CPU.Build.0 = Release|Any CPU
	EndGlobalSection
	GlobalSection(SolutionProperties) = preSolution
		HideSolutionNode = FALSE
	EndGlobalSection
	GlobalSection(ExtensibilityGlobals) = postSolution
		SolutionGuid = {340D48E8-2A13-464B-B035-69D988C87A3B}
	EndGlobalSection
EndGlobal
